
Microsoft Visual Studio Solution File, Format Version 12.00
# Visual Studio Version 17
VisualStudioVersion = 17.2.32630.192
MinimumVisualStudioVersion = 10.0.40219.1
Project("{FAE04EC0-301F-11D3-BF4B-00C04F79EFBC}") = "MongoDbTestProject", "MongoDbTestProject\MongoDbTestProject.csproj", "{56FE5E74-2B50-406E-AC51-B12A1C58E407}"
EndProject
Global
	GlobalSection(SolutionConfigurationPlatforms) = preSolution
		Debug|Any CPU = Debug|Any CPU
		Release|Any CPU = Release|Any CPU
	EndGlobalSection
	GlobalSection(ProjectConfigurationPlatforms) = postSolution
		{56FE5E74-2B50-406E-AC51-B12A1C58E407}.Debug|Any CPU.ActiveCfg = Debug|Any CPU
		{56FE5E74-2B50-406E-AC51-B12A1C58E407}.Debug|Any CPU.Build.0 = Debug|Any CPU
		{56FE5E74-2B50-406E-AC51-B12A1C58E407}.Release|Any CPU.ActiveCfg = Release|Any CPU
		{56FE5E74-2B50-406E-AC51-B12A1C58E407}.Release|Any CPU.Build.0 = Release|Any CPU
	EndGlobalSection
	GlobalSection(SolutionProperties) = preSolution
		HideSolutionNode = FALSE
	EndGlobalSection
	GlobalSection(ExtensibilityGlobals) = postSolution
		SolutionGuid = {CC992E18-9207-436F-A55E-D337E4D8CB5A}
	EndGlobalSection
EndGlobal
